// !$*UTF8*$!
{
	archiveVersion = 1;
	classes = {
	};
	objectVersion = 77;
	objects = {

/* Begin PBXBuildFile section */
		030A9B8F543FF9B30B93941D /* SetupKitchenView.swift in Sources */ = {isa = PBXBuildFile; fileRef = D40A1B4A21CC6EFC11F1C3A1 /* SetupKitchenView.swift */; };
		04E5EBC3A45393DA0AD37C33 /* SessionDTOs.swift in Sources */ = {isa = PBXBuildFile; fileRef = 64DEE059EEFAA65E84B23D8F /* SessionDTOs.swift */; };
		13D511EB32962FAF6A6AC4DE /* ErrorPresenter.swift in Sources */ = {isa = PBXBuildFile; fileRef = 4714D34B06C97687599F9389 /* ErrorPresenter.swift */; };
		1E091320FB07E7285F5F0AA8 /* SetupPreferencesView.swift in Sources */ = {isa = PBXBuildFile; fileRef = 212DCA793F0B530B0FB3990B /* SetupPreferencesView.swift */; };
		25CED38EE9C99F1CF78B59E1 /* CloudKitAvailabilityStore.swift in Sources */ = {isa = PBXBuildFile; fileRef = 3C15A8E3297F5D551917C473 /* CloudKitAvailabilityStore.swift */; };
		2653823930DD051BDD2C94A0 /* KitchenEquipmentRepository.swift in Sources */ = {isa = PBXBuildFile; fileRef = 547DF5743B238714DCC945B6 /* KitchenEquipmentRepository.swift */; };
		303A289BB5A889F72B6A92EA /* Supabase in Frameworks */ = {isa = PBXBuildFile; productRef = 20F0AF2A4DCBE0E2DAC10789 /* Supabase */; };
		34F5BB054D4402919ED8FD1A /* SettingsRootView.swift in Sources */ = {isa = PBXBuildFile; fileRef = 1BE0F7D2870E6BDBBC41EDE6 /* SettingsRootView.swift */; };
		38E85E9BC14E09A3657DE46A /* AppConfig.swift in Sources */ = {isa = PBXBuildFile; fileRef = D61ECEB2E68886B41D1AE79C /* AppConfig.swift */; };
		3BEB07ACCE22C955E60990BE /* PersistenceController.swift in Sources */ = {isa = PBXBuildFile; fileRef = 68F9A8184731D4338C59B314 /* PersistenceController.swift */; };
		4746D7D70EC3F009CA0C1DB0 /* TonightHomeView.swift in Sources */ = {isa = PBXBuildFile; fileRef = 34CC0200F54DD79B24299BCF /* TonightHomeView.swift */; };
		482A2F31B55D16103EC1FA87 /* CloudKitAccountMonitor.swift in Sources */ = {isa = PBXBuildFile; fileRef = 81FCD69FD54A65576C313EE2 /* CloudKitAccountMonitor.swift */; };
		4AD91364516A336582E7ED4B /* Stir.xcdatamodeld in Sources */ = {isa = PBXBuildFile; fileRef = A48A76DF2DD0C28905436318 /* Stir.xcdatamodeld */; };
		548F2E9307CEADB0FE50693D /* SanityTest.swift in Sources */ = {isa = PBXBuildFile; fileRef = EFF64AB19CD4B07E54B0EF7B /* SanityTest.swift */; };
		5720A76E68F5CF2CC16C823E /* Logger+Stir.swift in Sources */ = {isa = PBXBuildFile; fileRef = F3B20CF04F913FDC64E5946B /* Logger+Stir.swift */; };
		58E57E09864E1CFCC5191237 /* KeychainStorage.swift in Sources */ = {isa = PBXBuildFile; fileRef = 374669111D98B028BEC3824D /* KeychainStorage.swift */; };
		5E6AC0A940D710330894EB3C /* StirError.swift in Sources */ = {isa = PBXBuildFile; fileRef = 74588281F314D67EE09DCD8A /* StirError.swift */; };
		69B7CA85BE35658ED8A3282D /* EntitlementService.swift in Sources */ = {isa = PBXBuildFile; fileRef = FA3A2CACA16214E11B7E592C /* EntitlementService.swift */; };
		6ADA59C2305666FD29D964AE /* OnboardingRoot.swift in Sources */ = {isa = PBXBuildFile; fileRef = B41441DCBBD753CD51933B94 /* OnboardingRoot.swift */; };
		6C296A376D410750FCA3389D /* PostHog in Frameworks */ = {isa = PBXBuildFile; productRef = 6B3359E0EED056E56B1889EC /* PostHog */; };
		795414CE1EDDCCC6B9B4241D /* CanonicalKeyHash.swift in Sources */ = {isa = PBXBuildFile; fileRef = 185217A5FC09EE50EC99E59A /* CanonicalKeyHash.swift */; };
		8E6A25495C2D327AD46792D8 /* Assets.xcassets in Resources */ = {isa = PBXBuildFile; fileRef = 55250D5B2C87B1ADE12BB0CF /* Assets.xcassets */; };
		9399B35D14137ACD534554C4 /* OnboardingRoute.swift in Sources */ = {isa = PBXBuildFile; fileRef = 6FF4659B21B5797AE4339706 /* OnboardingRoute.swift */; };
		9E1AAEFE1947F34FB201BDAB /* IdentityService.swift in Sources */ = {isa = PBXBuildFile; fileRef = 9695B3F81139A97A1E549D40 /* IdentityService.swift */; };
		9FD7CCAF1B3E98E917067C6D /* HouseholdProfile+Extensions.swift in Sources */ = {isa = PBXBuildFile; fileRef = 86B435CF4DE6F47DD7487DB2 /* HouseholdProfile+Extensions.swift */; };
		A33EDDC6FE22143B7CE44620 /* RootView.swift in Sources */ = {isa = PBXBuildFile; fileRef = 392D02601EFD7683030D59D1 /* RootView.swift */; };
		A85EEA8C2E168EBCBFEB7899 /* KitchenEquipment+Extensions.swift in Sources */ = {isa = PBXBuildFile; fileRef = 1E5D8820BFEA7D2A900E637B /* KitchenEquipment+Extensions.swift */; };
		A89F3E0537CD069546AB3AFB /* SupabaseSessionClient.swift in Sources */ = {isa = PBXBuildFile; fileRef = 07BC3E756E4643BB3ED82E4C /* SupabaseSessionClient.swift */; };
		ABDC21E86265244E9D9C665C /* OnboardingOptions.swift in Sources */ = {isa = PBXBuildFile; fileRef = 1106B6B1903590ECC6EB7227 /* OnboardingOptions.swift */; };
		AF0B8C6261E20029E87FC56E /* DietaryRule+Extensions.swift in Sources */ = {isa = PBXBuildFile; fileRef = 1331AE612069CDE2E4FCC533 /* DietaryRule+Extensions.swift */; };
		AFEB4BBD169B34228F3DB241 /* OnboardingViewModel.swift in Sources */ = {isa = PBXBuildFile; fileRef = 56546586BCB70F4F89CB109C /* OnboardingViewModel.swift */; };
		B364F24CB12337EA93DC300A /* EntitlementTypes.swift in Sources */ = {isa = PBXBuildFile; fileRef = 5BB069F9AB0F5873B4D83159 /* EntitlementTypes.swift */; };
		B92301183E9FC07571959AE1 /* SentryReporting.swift in Sources */ = {isa = PBXBuildFile; fileRef = 18E8619A7FDF88B9465134C3 /* SentryReporting.swift */; };
		CB7BE78DDBFB84E712A477A8 /* Sentry in Frameworks */ = {isa = PBXBuildFile; productRef = 1C9FAC356602FCAFDD0E3651 /* Sentry */; };
		CD8C3CD7E5FE339ACDBBD197 /* DietaryRuleRepository.swift in Sources */ = {isa = PBXBuildFile; fileRef = 71194080696470F518663BA9 /* DietaryRuleRepository.swift */; };
		DE50817978E45481E9A901ED /* ErrorCode.swift in Sources */ = {isa = PBXBuildFile; fileRef = 14744B65A207BA49BDB36C0A /* ErrorCode.swift */; };
		F1C6D7813DA8274D0F34396F /* StirApp.swift in Sources */ = {isa = PBXBuildFile; fileRef = 016A78A0278372166E393E65 /* StirApp.swift */; };
		F4FE6F63A80074970E95B690 /* WelcomeView.swift in Sources */ = {isa = PBXBuildFile; fileRef = 5D8F639B91A0A9CC0F13DE7A /* WelcomeView.swift */; };
		F6326373ED0BD2EF6E3A3D82 /* CurrentHouseholdStore.swift in Sources */ = {isa = PBXBuildFile; fileRef = 0432D79929D678AC31305110 /* CurrentHouseholdStore.swift */; };
		F751CF25A5645B4EB4950CE3 /* HouseholdPreferencesView.swift in Sources */ = {isa = PBXBuildFile; fileRef = BBD287009FA0BEF2EC99BC52 /* HouseholdPreferencesView.swift */; };
		FE10D712CCAA13E85A8DE71F /* HouseholdProfileRepository.swift in Sources */ = {isa = PBXBuildFile; fileRef = 5B8E297F2934A70F8D80BEB7 /* HouseholdProfileRepository.swift */; };
/* End PBXBuildFile section */

/* Begin PBXContainerItemProxy section */
		3DEC37089D01AA2D826D6735 /* PBXContainerItemProxy */ = {
			isa = PBXContainerItemProxy;
			containerPortal = 311FFDD9EB1D3E0473DFA356 /* Project object */;
			proxyType = 1;
			remoteGlobalIDString = 9912E5CD1F84A0BA4715EAD0;
			remoteInfo = Stir;
		};
/* End PBXContainerItemProxy section */

/* Begin PBXFileReference section */
		016A78A0278372166E393E65 /* StirApp.swift */ = {isa = PBXFileReference; lastKnownFileType = sourcecode.swift; path = StirApp.swift; sourceTree = "<group>"; };
		0432D79929D678AC31305110 /* CurrentHouseholdStore.swift */ = {isa = PBXFileReference; lastKnownFileType = sourcecode.swift; path = CurrentHouseholdStore.swift; sourceTree = "<group>"; };
		07BC3E756E4643BB3ED82E4C /* SupabaseSessionClient.swift */ = {isa = PBXFileReference; lastKnownFileType = sourcecode.swift; path = SupabaseSessionClient.swift; sourceTree = "<group>"; };
		1106B6B1903590ECC6EB7227 /* OnboardingOptions.swift */ = {isa = PBXFileReference; lastKnownFileType = sourcecode.swift; path = OnboardingOptions.swift; sourceTree = "<group>"; };
		1331AE612069CDE2E4FCC533 /* DietaryRule+Extensions.swift */ = {isa = PBXFileReference; lastKnownFileType = sourcecode.swift; path = "DietaryRule+Extensions.swift"; sourceTree = "<group>"; };
		14744B65A207BA49BDB36C0A /* ErrorCode.swift */ = {isa = PBXFileReference; lastKnownFileType = sourcecode.swift; path = ErrorCode.swift; sourceTree = "<group>"; };
		185217A5FC09EE50EC99E59A /* CanonicalKeyHash.swift */ = {isa = PBXFileReference; lastKnownFileType = sourcecode.swift; path = CanonicalKeyHash.swift; sourceTree = "<group>"; };
		18E8619A7FDF88B9465134C3 /* SentryReporting.swift */ = {isa = PBXFileReference; lastKnownFileType = sourcecode.swift; path = SentryReporting.swift; sourceTree = "<group>"; };
		1BE0F7D2870E6BDBBC41EDE6 /* SettingsRootView.swift */ = {isa = PBXFileReference; lastKnownFileType = sourcecode.swift; path = SettingsRootView.swift; sourceTree = "<group>"; };
		1E5D8820BFEA7D2A900E637B /* KitchenEquipment+Extensions.swift */ = {isa = PBXFileReference; lastKnownFileType = sourcecode.swift; path = "KitchenEquipment+Extensions.swift"; sourceTree = "<group>"; };
		212DCA793F0B530B0FB3990B /* SetupPreferencesView.swift */ = {isa = PBXFileReference; lastKnownFileType = sourcecode.swift; path = SetupPreferencesView.swift; sourceTree = "<group>"; };
		34CC0200F54DD79B24299BCF /* TonightHomeView.swift */ = {isa = PBXFileReference; lastKnownFileType = sourcecode.swift; path = TonightHomeView.swift; sourceTree = "<group>"; };
		374669111D98B028BEC3824D /* KeychainStorage.swift */ = {isa = PBXFileReference; lastKnownFileType = sourcecode.swift; path = KeychainStorage.swift; sourceTree = "<group>"; };
		392D02601EFD7683030D59D1 /* RootView.swift */ = {isa = PBXFileReference; lastKnownFileType = sourcecode.swift; path = RootView.swift; sourceTree = "<group>"; };
		3C15A8E3297F5D551917C473 /* CloudKitAvailabilityStore.swift */ = {isa = PBXFileReference; lastKnownFileType = sourcecode.swift; path = CloudKitAvailabilityStore.swift; sourceTree = "<group>"; };
		4714D34B06C97687599F9389 /* ErrorPresenter.swift */ = {isa = PBXFileReference; lastKnownFileType = sourcecode.swift; path = ErrorPresenter.swift; sourceTree = "<group>"; };
		494C830D500C89939B57CD7C /* Info.plist */ = {isa = PBXFileReference; lastKnownFileType = text.plist; path = Info.plist; sourceTree = "<group>"; };
		4BB49FCA03EF17C97D6C5DB9 /* Stir.app */ = {isa = PBXFileReference; includeInIndex = 0; lastKnownFileType = wrapper.application; path = Stir.app; sourceTree = BUILT_PRODUCTS_DIR; };
		547DF5743B238714DCC945B6 /* KitchenEquipmentRepository.swift */ = {isa = PBXFileReference; lastKnownFileType = sourcecode.swift; path = KitchenEquipmentRepository.swift; sourceTree = "<group>"; };
		55250D5B2C87B1ADE12BB0CF /* Assets.xcassets */ = {isa = PBXFileReference; lastKnownFileType = folder.assetcatalog; path = Assets.xcassets; sourceTree = "<group>"; };
		56546586BCB70F4F89CB109C /* OnboardingViewModel.swift */ = {isa = PBXFileReference; lastKnownFileType = sourcecode.swift; path = OnboardingViewModel.swift; sourceTree = "<group>"; };
		5B8E297F2934A70F8D80BEB7 /* HouseholdProfileRepository.swift */ = {isa = PBXFileReference; lastKnownFileType = sourcecode.swift; path = HouseholdProfileRepository.swift; sourceTree = "<group>"; };
		5BB069F9AB0F5873B4D83159 /* EntitlementTypes.swift */ = {isa = PBXFileReference; lastKnownFileType = sourcecode.swift; path = EntitlementTypes.swift; sourceTree = "<group>"; };
		5D8F639B91A0A9CC0F13DE7A /* WelcomeView.swift */ = {isa = PBXFileReference; lastKnownFileType = sourcecode.swift; path = WelcomeView.swift; sourceTree = "<group>"; };
		64DEE059EEFAA65E84B23D8F /* SessionDTOs.swift */ = {isa = PBXFileReference; lastKnownFileType = sourcecode.swift; path = SessionDTOs.swift; sourceTree = "<group>"; };
		68F9A8184731D4338C59B314 /* PersistenceController.swift */ = {isa = PBXFileReference; lastKnownFileType = sourcecode.swift; path = PersistenceController.swift; sourceTree = "<group>"; };
		6FF4659B21B5797AE4339706 /* OnboardingRoute.swift */ = {isa = PBXFileReference; lastKnownFileType = sourcecode.swift; path = OnboardingRoute.swift; sourceTree = "<group>"; };
		71194080696470F518663BA9 /* DietaryRuleRepository.swift */ = {isa = PBXFileReference; lastKnownFileType = sourcecode.swift; path = DietaryRuleRepository.swift; sourceTree = "<group>"; };
		74588281F314D67EE09DCD8A /* StirError.swift */ = {isa = PBXFileReference; lastKnownFileType = sourcecode.swift; path = StirError.swift; sourceTree = "<group>"; };
		781D75D0E66479C5877635BB /* Stir.entitlements */ = {isa = PBXFileReference; lastKnownFileType = text.plist.entitlements; path = Stir.entitlements; sourceTree = "<group>"; };
		81FCD69FD54A65576C313EE2 /* CloudKitAccountMonitor.swift */ = {isa = PBXFileReference; lastKnownFileType = sourcecode.swift; path = CloudKitAccountMonitor.swift; sourceTree = "<group>"; };
		86B435CF4DE6F47DD7487DB2 /* HouseholdProfile+Extensions.swift */ = {isa = PBXFileReference; lastKnownFileType = sourcecode.swift; path = "HouseholdProfile+Extensions.swift"; sourceTree = "<group>"; };
		86D2499D3F643A0F93C7D4A8 /* StirTests.xctest */ = {isa = PBXFileReference; includeInIndex = 0; lastKnownFileType = wrapper.cfbundle; path = StirTests.xctest; sourceTree = BUILT_PRODUCTS_DIR; };
		9695B3F81139A97A1E549D40 /* IdentityService.swift */ = {isa = PBXFileReference; lastKnownFileType = sourcecode.swift; path = IdentityService.swift; sourceTree = "<group>"; };
		B41441DCBBD753CD51933B94 /* OnboardingRoot.swift */ = {isa = PBXFileReference; lastKnownFileType = sourcecode.swift; path = OnboardingRoot.swift; sourceTree = "<group>"; };
		BBD287009FA0BEF2EC99BC52 /* HouseholdPreferencesView.swift */ = {isa = PBXFileReference; lastKnownFileType = sourcecode.swift; path = HouseholdPreferencesView.swift; sourceTree = "<group>"; };
		CC4574BCB671B68DF6493BDE /* Stir.xcdatamodel */ = {isa = PBXFileReference; lastKnownFileType = wrapper.xcdatamodel; path = Stir.xcdatamodel; sourceTree = "<group>"; };
		D40A1B4A21CC6EFC11F1C3A1 /* SetupKitchenView.swift */ = {isa = PBXFileReference; lastKnownFileType = sourcecode.swift; path = SetupKitchenView.swift; sourceTree = "<group>"; };
		D61ECEB2E68886B41D1AE79C /* AppConfig.swift */ = {isa = PBXFileReference; lastKnownFileType = sourcecode.swift; path = AppConfig.swift; sourceTree = "<group>"; };
		EFF64AB19CD4B07E54B0EF7B /* SanityTest.swift */ = {isa = PBXFileReference; lastKnownFileType = sourcecode.swift; path = SanityTest.swift; sourceTree = "<group>"; };
		F3B20CF04F913FDC64E5946B /* Logger+Stir.swift */ = {isa = PBXFileReference; lastKnownFileType = sourcecode.swift; path = "Logger+Stir.swift"; sourceTree = "<group>"; };
		FA3A2CACA16214E11B7E592C /* EntitlementService.swift */ = {isa = PBXFileReference; lastKnownFileType = sourcecode.swift; path = EntitlementService.swift; sourceTree = "<group>"; };
		"TEMP_87A804A1-928F-4AC5-B5AC-56F3620D7B97" /* Config.xcconfig */ = {isa = PBXFileReference; lastKnownFileType = text.xcconfig; path = Config.xcconfig; sourceTree = "<group>"; };
/* End PBXFileReference section */

/* Begin PBXFrameworksBuildPhase section */
		4993C2CA00F4DAF8FDC9EDAF /* Frameworks */ = {
			isa = PBXFrameworksBuildPhase;
			buildActionMask = 2147483647;
			files = (
				303A289BB5A889F72B6A92EA /* Supabase in Frameworks */,
				6C296A376D410750FCA3389D /* PostHog in Frameworks */,
				CB7BE78DDBFB84E712A477A8 /* Sentry in Frameworks */,
			);
			runOnlyForDeploymentPostprocessing = 0;
		};
/* End PBXFrameworksBuildPhase section */

/* Begin PBXGroup section */
		01AD64FE3CE90272287FFAB4 /* Services */ = {
			isa = PBXGroup;
			children = (
				D61ECEB2E68886B41D1AE79C /* AppConfig.swift */,
				3C15A8E3297F5D551917C473 /* CloudKitAvailabilityStore.swift */,
				0432D79929D678AC31305110 /* CurrentHouseholdStore.swift */,
				FA3A2CACA16214E11B7E592C /* EntitlementService.swift */,
				5BB069F9AB0F5873B4D83159 /* EntitlementTypes.swift */,
				9695B3F81139A97A1E549D40 /* IdentityService.swift */,
				374669111D98B028BEC3824D /* KeychainStorage.swift */,
				64DEE059EEFAA65E84B23D8F /* SessionDTOs.swift */,
				07BC3E756E4643BB3ED82E4C /* SupabaseSessionClient.swift */,
			);
			path = Services;
			sourceTree = "<group>";
		};
		071AE0605D7D1BFC77ED925A /* Unit */ = {
			isa = PBXGroup;
			children = (
				EFF64AB19CD4B07E54B0EF7B /* SanityTest.swift */,
			);
			path = Unit;
			sourceTree = "<group>";
		};
		10E43455DA9516BC30CDA73E /* Billing */ = {
			isa = PBXGroup;
			children = (
			);
			path = Billing;
			sourceTree = "<group>";
		};
		1DD5707B2C2746B6DE051921 /* PostHog */ = {
			isa = PBXGroup;
			children = (
			);
			path = PostHog;
			sourceTree = "<group>";
		};
		2A5A0B872D5C66E4F4B1873F /* Integrations */ = {
			isa = PBXGroup;
			children = (
				384039833882924906B23EAE /* CloudKit */,
				1DD5707B2C2746B6DE051921 /* PostHog */,
				FFD9717D3EEF14606BA3BFE3 /* Sentry */,
				BD370BAD2B69FC8B162DE039 /* Supabase */,
			);
			path = Integrations;
			sourceTree = "<group>";
		};
		34762D71E79B43578072353F /* Features */ = {
			isa = PBXGroup;
			children = (
				10E43455DA9516BC30CDA73E /* Billing */,
				AAE3826FE5C3EE26C21B0ADB /* CookMode */,
				64834C339DA53E64BEB2C865 /* Import */,
				C5449C2C115933DC763671EB /* Onboarding */,
				E7154D788470A3CDFA1AB59E /* Saved */,
				C711A27F7354E963F218F7D5 /* Scan */,
				699971EC776F51AE8DE0FFA2 /* Settings */,
				FD8B4EC3DEAADA847949BC07 /* Solve */,
				661AF668F203E2C75ECF4305 /* Tonight */,
			);
			path = Features;
			sourceTree = "<group>";
		};
		384039833882924906B23EAE /* CloudKit */ = {
			isa = PBXGroup;
			children = (
				81FCD69FD54A65576C313EE2 /* CloudKitAccountMonitor.swift */,
			);
			path = CloudKit;
			sourceTree = "<group>";
		};
		43231F33197037F2BAA08618 /* DesignSystem */ = {
			isa = PBXGroup;
			children = (
			);
			path = DesignSystem;
			sourceTree = "<group>";
		};
		64834C339DA53E64BEB2C865 /* Import */ = {
			isa = PBXGroup;
			children = (
			);
			path = Import;
			sourceTree = "<group>";
		};
		661AF668F203E2C75ECF4305 /* Tonight */ = {
			isa = PBXGroup;
			children = (
				34CC0200F54DD79B24299BCF /* TonightHomeView.swift */,
			);
			path = Tonight;
			sourceTree = "<group>";
		};
		66E65A7D462C7E09A4A58F08 /* Models */ = {
			isa = PBXGroup;
			children = (
				A48A76DF2DD0C28905436318 /* Stir.xcdatamodeld */,
				1331AE612069CDE2E4FCC533 /* DietaryRule+Extensions.swift */,
				86B435CF4DE6F47DD7487DB2 /* HouseholdProfile+Extensions.swift */,
				1E5D8820BFEA7D2A900E637B /* KitchenEquipment+Extensions.swift */,
			);
			path = Models;
			sourceTree = "<group>";
		};
		699971EC776F51AE8DE0FFA2 /* Settings */ = {
			isa = PBXGroup;
			children = (
				BBD287009FA0BEF2EC99BC52 /* HouseholdPreferencesView.swift */,
				1BE0F7D2870E6BDBBC41EDE6 /* SettingsRootView.swift */,
			);
			path = Settings;
			sourceTree = "<group>";
		};
		8D4F77D12B54EF8995BA1595 /* Integration */ = {
			isa = PBXGroup;
			children = (
			);
			path = Integration;
			sourceTree = "<group>";
		};
		9E7F4140E25EB389684D1997 /* Core */ = {
			isa = PBXGroup;
			children = (
				66E65A7D462C7E09A4A58F08 /* Models */,
				B4C6C80009549ABCAF283770 /* Repositories */,
				01AD64FE3CE90272287FFAB4 /* Services */,
				A591A16677BE57040F5C6EC1 /* Utilities */,
			);
			path = Core;
			sourceTree = "<group>";
		};
		A4742C4CC5FCD4FE3A80B690 /* Products */ = {
			isa = PBXGroup;
			children = (
				4BB49FCA03EF17C97D6C5DB9 /* Stir.app */,
				86D2499D3F643A0F93C7D4A8 /* StirTests.xctest */,
			);
			name = Products;
			sourceTree = "<group>";
		};
		A591A16677BE57040F5C6EC1 /* Utilities */ = {
			isa = PBXGroup;
			children = (
				185217A5FC09EE50EC99E59A /* CanonicalKeyHash.swift */,
				14744B65A207BA49BDB36C0A /* ErrorCode.swift */,
				4714D34B06C97687599F9389 /* ErrorPresenter.swift */,
				F3B20CF04F913FDC64E5946B /* Logger+Stir.swift */,
				74588281F314D67EE09DCD8A /* StirError.swift */,
			);
			path = Utilities;
			sourceTree = "<group>";
		};
		A7A047FC19BB0D3F35770B5F = {
			isa = PBXGroup;
			children = (
				D79BF7A0A0DFE21D5ACA590B /* Stir */,
				C249F8B5551445C9B01C7A6A /* StirTests */,
				A4742C4CC5FCD4FE3A80B690 /* Products */,
			);
			sourceTree = "<group>";
		};
		AAE3826FE5C3EE26C21B0ADB /* CookMode */ = {
			isa = PBXGroup;
			children = (
			);
			path = CookMode;
			sourceTree = "<group>";
		};
		B4C6C80009549ABCAF283770 /* Repositories */ = {
			isa = PBXGroup;
			children = (
				71194080696470F518663BA9 /* DietaryRuleRepository.swift */,
				5B8E297F2934A70F8D80BEB7 /* HouseholdProfileRepository.swift */,
				547DF5743B238714DCC945B6 /* KitchenEquipmentRepository.swift */,
				68F9A8184731D4338C59B314 /* PersistenceController.swift */,
			);
			path = Repositories;
			sourceTree = "<group>";
		};
		BD370BAD2B69FC8B162DE039 /* Supabase */ = {
			isa = PBXGroup;
			children = (
			);
			path = Supabase;
			sourceTree = "<group>";
		};
		C249F8B5551445C9B01C7A6A /* StirTests */ = {
			isa = PBXGroup;
			children = (
				8D4F77D12B54EF8995BA1595 /* Integration */,
				071AE0605D7D1BFC77ED925A /* Unit */,
			);
			path = StirTests;
			sourceTree = "<group>";
		};
		C29F7B2500C0AB6682357BB4 /* Resources */ = {
			isa = PBXGroup;
			children = (
				55250D5B2C87B1ADE12BB0CF /* Assets.xcassets */,
			);
			path = Resources;
			sourceTree = "<group>";
		};
		C5449C2C115933DC763671EB /* Onboarding */ = {
			isa = PBXGroup;
			children = (
				1106B6B1903590ECC6EB7227 /* OnboardingOptions.swift */,
				B41441DCBBD753CD51933B94 /* OnboardingRoot.swift */,
				6FF4659B21B5797AE4339706 /* OnboardingRoute.swift */,
				56546586BCB70F4F89CB109C /* OnboardingViewModel.swift */,
				D40A1B4A21CC6EFC11F1C3A1 /* SetupKitchenView.swift */,
				212DCA793F0B530B0FB3990B /* SetupPreferencesView.swift */,
				5D8F639B91A0A9CC0F13DE7A /* WelcomeView.swift */,
			);
			path = Onboarding;
			sourceTree = "<group>";
		};
		C711A27F7354E963F218F7D5 /* Scan */ = {
			isa = PBXGroup;
			children = (
			);
			path = Scan;
			sourceTree = "<group>";
		};
		D79BF7A0A0DFE21D5ACA590B /* Stir */ = {
			isa = PBXGroup;
			children = (
				E7D1D5AB334D13A5C1A0907D /* App */,
				9E7F4140E25EB389684D1997 /* Core */,
				43231F33197037F2BAA08618 /* DesignSystem */,
				34762D71E79B43578072353F /* Features */,
				2A5A0B872D5C66E4F4B1873F /* Integrations */,
				C29F7B2500C0AB6682357BB4 /* Resources */,
			);
			path = Stir;
			sourceTree = "<group>";
		};
		E7154D788470A3CDFA1AB59E /* Saved */ = {
			isa = PBXGroup;
			children = (
			);
			path = Saved;
			sourceTree = "<group>";
		};
		E7D1D5AB334D13A5C1A0907D /* App */ = {
			isa = PBXGroup;
			children = (
				494C830D500C89939B57CD7C /* Info.plist */,
				392D02601EFD7683030D59D1 /* RootView.swift */,
				781D75D0E66479C5877635BB /* Stir.entitlements */,
				016A78A0278372166E393E65 /* StirApp.swift */,
			);
			path = App;
			sourceTree = "<group>";
		};
		FD8B4EC3DEAADA847949BC07 /* Solve */ = {
			isa = PBXGroup;
			children = (
			);
			path = Solve;
			sourceTree = "<group>";
		};
		FFD9717D3EEF14606BA3BFE3 /* Sentry */ = {
			isa = PBXGroup;
			children = (
				18E8619A7FDF88B9465134C3 /* SentryReporting.swift */,
			);
			path = Sentry;
			sourceTree = "<group>";
		};
		"TEMP_094BC534-2CAE-4DE6-A6E1-84609A21E376" /* Stir */ = {
			isa = PBXGroup;
			children = (
				"TEMP_87A804A1-928F-4AC5-B5AC-56F3620D7B97" /* Config.xcconfig */,
			);
			path = Stir;
			sourceTree = "<group>";
		};
/* End PBXGroup section */

/* Begin PBXNativeTarget section */
		2CC84DDBC8A92CCDEDDF6596 /* StirTests */ = {
			isa = PBXNativeTarget;
			buildConfigurationList = 63A1F7E149F8C8F82C23B07E /* Build configuration list for PBXNativeTarget "StirTests" */;
			buildPhases = (
				78AA863439D26F1494CED514 /* Sources */,
			);
			buildRules = (
			);
			dependencies = (
				11019BE602B95014422A150E /* PBXTargetDependency */,
			);
			name = StirTests;
			packageProductDependencies = (
			);
			productName = StirTests;
			productReference = 86D2499D3F643A0F93C7D4A8 /* StirTests.xctest */;
			productType = "com.apple.product-type.bundle.unit-test";
		};
		9912E5CD1F84A0BA4715EAD0 /* Stir */ = {
			isa = PBXNativeTarget;
			buildConfigurationList = FEE26E34A82AEA739D9501FA /* Build configuration list for PBXNativeTarget "Stir" */;
			buildPhases = (
				7CA84D64FE6B899A8EB4D38B /* Sources */,
				055A869612C1CD81B619C170 /* Resources */,
				4993C2CA00F4DAF8FDC9EDAF /* Frameworks */,
			);
			buildRules = (
			);
			dependencies = (
			);
			name = Stir;
			packageProductDependencies = (
				20F0AF2A4DCBE0E2DAC10789 /* Supabase */,
				6B3359E0EED056E56B1889EC /* PostHog */,
				1C9FAC356602FCAFDD0E3651 /* Sentry */,
			);
			productName = Stir;
			productReference = 4BB49FCA03EF17C97D6C5DB9 /* Stir.app */;
			productType = "com.apple.product-type.application";
		};
/* End PBXNativeTarget section */

/* Begin PBXProject section */
		311FFDD9EB1D3E0473DFA356 /* Project object */ = {
			isa = PBXProject;
			attributes = {
				BuildIndependentTargetsInParallel = YES;
				LastUpgradeCheck = 2640;
				TargetAttributes = {
					2CC84DDBC8A92CCDEDDF6596 = {
						DevelopmentTeam = 25H5DDPKAC;
					};
					9912E5CD1F84A0BA4715EAD0 = {
						DevelopmentTeam = 25H5DDPKAC;
						ProvisioningStyle = Automatic;
					};
				};
			};
			buildConfigurationList = 47980E4C77DD24BFDCA46071 /* Build configuration list for PBXProject "Stir" */;
			developmentRegion = en;
			hasScannedForEncodings = 0;
			knownRegions = (
				Base,
				en,
			);
			mainGroup = A7A047FC19BB0D3F35770B5F;
			minimizedProjectReferenceProxies = 1;
			packageReferences = (
				D12153076336CDD655016244 /* XCRemoteSwiftPackageReference "posthog-ios" */,
				C2AFDF6F928B0C1CF3CDE88E /* XCRemoteSwiftPackageReference "sentry-cocoa" */,
				794315538A41736FF98C30FE /* XCRemoteSwiftPackageReference "supabase-swift" */,
			);
			preferredProjectObjectVersion = 77;
			productRefGroup = A4742C4CC5FCD4FE3A80B690 /* Products */;
			projectDirPath = "";
			projectRoot = "";
			targets = (
				9912E5CD1F84A0BA4715EAD0 /* Stir */,
				2CC84DDBC8A92CCDEDDF6596 /* StirTests */,
			);
		};
/* End PBXProject section */

/* Begin PBXResourcesBuildPhase section */
		055A869612C1CD81B619C170 /* Resources */ = {
			isa = PBXResourcesBuildPhase;
			buildActionMask = 2147483647;
			files = (
				8E6A25495C2D327AD46792D8 /* Assets.xcassets in Resources */,
			);
			runOnlyForDeploymentPostprocessing = 0;
		};
/* End PBXResourcesBuildPhase section */

/* Begin PBXSourcesBuildPhase section */
		78AA863439D26F1494CED514 /* Sources */ = {
			isa = PBXSourcesBuildPhase;
			buildActionMask = 2147483647;
			files = (
				548F2E9307CEADB0FE50693D /* SanityTest.swift in Sources */,
			);
			runOnlyForDeploymentPostprocessing = 0;
		};
		7CA84D64FE6B899A8EB4D38B /* Sources */ = {
			isa = PBXSourcesBuildPhase;
			buildActionMask = 2147483647;
			files = (
				38E85E9BC14E09A3657DE46A /* AppConfig.swift in Sources */,
				795414CE1EDDCCC6B9B4241D /* CanonicalKeyHash.swift in Sources */,
				482A2F31B55D16103EC1FA87 /* CloudKitAccountMonitor.swift in Sources */,
				25CED38EE9C99F1CF78B59E1 /* CloudKitAvailabilityStore.swift in Sources */,
				F6326373ED0BD2EF6E3A3D82 /* CurrentHouseholdStore.swift in Sources */,
				AF0B8C6261E20029E87FC56E /* DietaryRule+Extensions.swift in Sources */,
				CD8C3CD7E5FE339ACDBBD197 /* DietaryRuleRepository.swift in Sources */,
				69B7CA85BE35658ED8A3282D /* EntitlementService.swift in Sources */,
				B364F24CB12337EA93DC300A /* EntitlementTypes.swift in Sources */,
				DE50817978E45481E9A901ED /* ErrorCode.swift in Sources */,
				13D511EB32962FAF6A6AC4DE /* ErrorPresenter.swift in Sources */,
				F751CF25A5645B4EB4950CE3 /* HouseholdPreferencesView.swift in Sources */,
				9FD7CCAF1B3E98E917067C6D /* HouseholdProfile+Extensions.swift in Sources */,
				FE10D712CCAA13E85A8DE71F /* HouseholdProfileRepository.swift in Sources */,
				9E1AAEFE1947F34FB201BDAB /* IdentityService.swift in Sources */,
				58E57E09864E1CFCC5191237 /* KeychainStorage.swift in Sources */,
				A85EEA8C2E168EBCBFEB7899 /* KitchenEquipment+Extensions.swift in Sources */,
				2653823930DD051BDD2C94A0 /* KitchenEquipmentRepository.swift in Sources */,
				5720A76E68F5CF2CC16C823E /* Logger+Stir.swift in Sources */,
				ABDC21E86265244E9D9C665C /* OnboardingOptions.swift in Sources */,
				6ADA59C2305666FD29D964AE /* OnboardingRoot.swift in Sources */,
				9399B35D14137ACD534554C4 /* OnboardingRoute.swift in Sources */,
				AFEB4BBD169B34228F3DB241 /* OnboardingViewModel.swift in Sources */,
				3BEB07ACCE22C955E60990BE /* PersistenceController.swift in Sources */,
				A33EDDC6FE22143B7CE44620 /* RootView.swift in Sources */,
				B92301183E9FC07571959AE1 /* SentryReporting.swift in Sources */,
				04E5EBC3A45393DA0AD37C33 /* SessionDTOs.swift in Sources */,
				34F5BB054D4402919ED8FD1A /* SettingsRootView.swift in Sources */,
				030A9B8F543FF9B30B93941D /* SetupKitchenView.swift in Sources */,
				1E091320FB07E7285F5F0AA8 /* SetupPreferencesView.swift in Sources */,
				4AD91364516A336582E7ED4B /* Stir.xcdatamodeld in Sources */,
				F1C6D7813DA8274D0F34396F /* StirApp.swift in Sources */,
				5E6AC0A940D710330894EB3C /* StirError.swift in Sources */,
				A89F3E0537CD069546AB3AFB /* SupabaseSessionClient.swift in Sources */,
				4746D7D70EC3F009CA0C1DB0 /* TonightHomeView.swift in Sources */,
				F4FE6F63A80074970E95B690 /* WelcomeView.swift in Sources */,
			);
			runOnlyForDeploymentPostprocessing = 0;
		};
/* End PBXSourcesBuildPhase section */

/* Begin PBXTargetDependency section */
		11019BE602B95014422A150E /* PBXTargetDependency */ = {
			isa = PBXTargetDependency;
			target = 9912E5CD1F84A0BA4715EAD0 /* Stir */;
			targetProxy = 3DEC37089D01AA2D826D6735 /* PBXContainerItemProxy */;
		};
/* End PBXTargetDependency section */

/* Begin XCBuildConfiguration section */
		06A33D2C84664F061CD8D360 /* Debug */ = {
			isa = XCBuildConfiguration;
			baseConfigurationReference = "TEMP_87A804A1-928F-4AC5-B5AC-56F3620D7B97" /* Config.xcconfig */;
			buildSettings = {
				ASSETCATALOG_COMPILER_APPICON_NAME = AppIcon;
				ASSETCATALOG_COMPILER_GLOBAL_ACCENT_COLOR_NAME = AccentColor;
				CODE_SIGN_ENTITLEMENTS = Stir/App/Stir.entitlements;
				CODE_SIGN_STYLE = Automatic;
				DEVELOPMENT_TEAM = 25H5DDPKAC;
				INFOPLIST_FILE = Stir/App/Info.plist;
				IPHONEOS_DEPLOYMENT_TARGET = 17.0;
				PRODUCT_BUNDLE_IDENTIFIER = com.scalinity.stir;
				PRODUCT_NAME = Stir;
			};
			name = Debug;
		};
		5E765B5B14C437672327BA02 /* Release */ = {
			isa = XCBuildConfiguration;
			buildSettings = {
				ALWAYS_SEARCH_USER_PATHS = NO;
				CLANG_ANALYZER_NONNULL = YES;
				CLANG_WARN_BLOCK_CAPTURE_AUTORELEASING = YES;
				CLANG_WARN_STRICT_PROTOTYPES = YES;
				DEAD_CODE_STRIPPING = YES;
				DEVELOPMENT_TEAM = 25H5DDPKAC;
				ENABLE_USER_SCRIPT_SANDBOXING = YES;
				GCC_TREAT_WARNINGS_AS_ERRORS = NO;
				IPHONEOS_DEPLOYMENT_TARGET = 17.0;
				SDKROOT = iphoneos;
				SWIFT_STRICT_CONCURRENCY = complete;
				SWIFT_TREAT_WARNINGS_AS_ERRORS = NO;
				SWIFT_VERSION = 5.10;
			};
			name = Release;
		};
		CDA00888465A341A284D4EC7 /* Release */ = {
			isa = XCBuildConfiguration;
			baseConfigurationReference = "TEMP_87A804A1-928F-4AC5-B5AC-56F3620D7B97" /* Config.xcconfig */;
			buildSettings = {
				ASSETCATALOG_COMPILER_APPICON_NAME = AppIcon;
				ASSETCATALOG_COMPILER_GLOBAL_ACCENT_COLOR_NAME = AccentColor;
				CODE_SIGN_ENTITLEMENTS = Stir/App/Stir.entitlements;
				CODE_SIGN_STYLE = Automatic;
				DEVELOPMENT_TEAM = 25H5DDPKAC;
				INFOPLIST_FILE = Stir/App/Info.plist;
				IPHONEOS_DEPLOYMENT_TARGET = 17.0;
				PRODUCT_BUNDLE_IDENTIFIER = com.scalinity.stir;
				PRODUCT_NAME = Stir;
			};
			name = Release;
		};
		E0581945DCC062CAE01DC2E0 /* Debug */ = {
			isa = XCBuildConfiguration;
			buildSettings = {
				BUNDLE_LOADER = "$(TEST_HOST)";
				DEVELOPMENT_TEAM = 25H5DDPKAC;
				IPHONEOS_DEPLOYMENT_TARGET = 17.0;
				PRODUCT_BUNDLE_IDENTIFIER = com.scalinity.stir.tests;
				TEST_HOST = "$(BUILT_PRODUCTS_DIR)/Stir.app/$(BUNDLE_EXECUTABLE_FOLDER_PATH)/Stir";
			};
			name = Debug;
		};
		E56A6F6EE85FBC7D33C2108E /* Release */ = {
			isa = XCBuildConfiguration;
			buildSettings = {
				BUNDLE_LOADER = "$(TEST_HOST)";
				DEVELOPMENT_TEAM = 25H5DDPKAC;
				IPHONEOS_DEPLOYMENT_TARGET = 17.0;
				PRODUCT_BUNDLE_IDENTIFIER = com.scalinity.stir.tests;
				TEST_HOST = "$(BUILT_PRODUCTS_DIR)/Stir.app/$(BUNDLE_EXECUTABLE_FOLDER_PATH)/Stir";
			};
			name = Release;
		};
		EAD1B83186C85C27744C0EFF /* Debug */ = {
			isa = XCBuildConfiguration;
			buildSettings = {
				ALWAYS_SEARCH_USER_PATHS = NO;
				CLANG_ANALYZER_NONNULL = YES;
				CLANG_WARN_BLOCK_CAPTURE_AUTORELEASING = YES;
				CLANG_WARN_STRICT_PROTOTYPES = YES;
				DEAD_CODE_STRIPPING = YES;
				DEVELOPMENT_TEAM = 25H5DDPKAC;
				ENABLE_USER_SCRIPT_SANDBOXING = YES;
				GCC_TREAT_WARNINGS_AS_ERRORS = NO;
				IPHONEOS_DEPLOYMENT_TARGET = 17.0;
				SDKROOT = iphoneos;
				SWIFT_STRICT_CONCURRENCY = complete;
				SWIFT_TREAT_WARNINGS_AS_ERRORS = NO;
				SWIFT_VERSION = 5.10;
			};
			name = Debug;
		};
/* End XCBuildConfiguration section */

/* Begin XCConfigurationList section */
		47980E4C77DD24BFDCA46071 /* Build configuration list for PBXProject "Stir" */ = {
			isa = XCConfigurationList;
			buildConfigurations = (
				EAD1B83186C85C27744C0EFF /* Debug */,
				5E765B5B14C437672327BA02 /* Release */,
			);
			defaultConfigurationIsVisible = 0;
			defaultConfigurationName = Debug;
		};
		63A1F7E149F8C8F82C23B07E /* Build configuration list for PBXNativeTarget "StirTests" */ = {
			isa = XCConfigurationList;
			buildConfigurations = (
				E0581945DCC062CAE01DC2E0 /* Debug */,
				E56A6F6EE85FBC7D33C2108E /* Release */,
			);
			defaultConfigurationIsVisible = 0;
			defaultConfigurationName = Debug;
		};
		FEE26E34A82AEA739D9501FA /* Build configuration list for PBXNativeTarget "Stir" */ = {
			isa = XCConfigurationList;
			buildConfigurations = (
				06A33D2C84664F061CD8D360 /* Debug */,
				CDA00888465A341A284D4EC7 /* Release */,
			);
			defaultConfigurationIsVisible = 0;
			defaultConfigurationName = Debug;
		};
/* End XCConfigurationList section */

/* Begin XCRemoteSwiftPackageReference section */
		794315538A41736FF98C30FE /* XCRemoteSwiftPackageReference "supabase-swift" */ = {
			isa = XCRemoteSwiftPackageReference;
			repositoryURL = "https://github.com/supabase/supabase-swift";
			requirement = {
				kind = upToNextMajorVersion;
				minimumVersion = 2.24.0;
			};
		};
		C2AFDF6F928B0C1CF3CDE88E /* XCRemoteSwiftPackageReference "sentry-cocoa" */ = {
			isa = XCRemoteSwiftPackageReference;
			repositoryURL = "https://github.com/getsentry/sentry-cocoa";
			requirement = {
				kind = upToNextMajorVersion;
				minimumVersion = 8.41.0;
			};
		};
		D12153076336CDD655016244 /* XCRemoteSwiftPackageReference "posthog-ios" */ = {
			isa = XCRemoteSwiftPackageReference;
			repositoryURL = "https://github.com/PostHog/posthog-ios";
			requirement = {
				kind = upToNextMajorVersion;
				minimumVersion = 3.20.0;
			};
		};
/* End XCRemoteSwiftPackageReference section */

/* Begin XCSwiftPackageProductDependency section */
		1C9FAC356602FCAFDD0E3651 /* Sentry */ = {
			isa = XCSwiftPackageProductDependency;
			package = C2AFDF6F928B0C1CF3CDE88E /* XCRemoteSwiftPackageReference "sentry-cocoa" */;
			productName = Sentry;
		};
		20F0AF2A4DCBE0E2DAC10789 /* Supabase */ = {
			isa = XCSwiftPackageProductDependency;
			package = 794315538A41736FF98C30FE /* XCRemoteSwiftPackageReference "supabase-swift" */;
			productName = Supabase;
		};
		6B3359E0EED056E56B1889EC /* PostHog */ = {
			isa = XCSwiftPackageProductDependency;
			package = D12153076336CDD655016244 /* XCRemoteSwiftPackageReference "posthog-ios" */;
			productName = PostHog;
		};
/* End XCSwiftPackageProductDependency section */

/* Begin XCVersionGroup section */
		A48A76DF2DD0C28905436318 /* Stir.xcdatamodeld */ = {
			isa = XCVersionGroup;
			children = (
				CC4574BCB671B68DF6493BDE /* Stir.xcdatamodel */,
			);
			currentVersion = CC4574BCB671B68DF6493BDE /* Stir.xcdatamodel */;
			path = Stir.xcdatamodeld;
			sourceTree = "<group>";
			versionGroupType = wrapper.xcdatamodel;
		};
/* End XCVersionGroup section */
	};
	rootObject = 311FFDD9EB1D3E0473DFA356 /* Project object */;
}
